
Microsoft Visual Studio Solution File, Format Version 12.00
# Visual Studio 15
VisualStudioVersion = 15.0.28010.2046
MinimumVisualStudioVersion = 10.0.40219.1
Project("{888888A0-9F3D-457C-B088-3A5042F75D52}") = "AntStockBroker", "AntStockBroker.pyproj", "{EBF5A619-C023-400C-9C21-B470B31504A0}"
EndProject
Global
	GlobalSection(SolutionConfigurationPlatforms) = preSolution
		Debug|Any CPU = Debug|Any CPU
		Release|Any CPU = Release|Any CPU
	EndGlobalSection
	GlobalSection(ProjectConfigurationPlatforms) = postSolution
		{EBF5A619-C023-400C-9C21-B470B31504A0}.Debug|Any CPU.ActiveCfg = Debug|Any CPU
		{EBF5A619-C023-400C-9C21-B470B31504A0}.Release|Any CPU.ActiveCfg = Release|Any CPU
	EndGlobalSection
	GlobalSection(SolutionProperties) = preSolution
		HideSolutionNode = FALSE
	EndGlobalSection
	GlobalSection(ExtensibilityGlobals) = postSolution
		SolutionGuid = {4FAD6DC6-6663-4B44-AC5C-2ADBB97D3D1D}
	EndGlobalSection
EndGlobal
